
Microsoft Visual Studio Solution File, Format Version 12.00
# Visual Studio Version 17
VisualStudioVersion = 17.5.33516.290
MinimumVisualStudioVersion = 10.0.40219.1
Project("{2150E333-8FDC-42A3-9474-1A3956D46DE8}") = "Engine", "Engine", "{E68DF1FF-9277-4EB8-A20C-162C68CC35E8}"
EndProject
Project("{2150E333-8FDC-42A3-9474-1A3956D46DE8}") = "Game", "Game", "{1F574BBA-A66E-4FC1-8FAC-E31F5DCBE401}"
EndProject
Project("{8BC9CEB8-8B4A-11D0-8D11-00A0C91BC942}") = "Game", "Source\Game\Game\Game.vcxproj", "{A88A744E-9EFD-4AF3-A37C-01FD48A28FDA}"
EndProject
Project("{8BC9CEB8-8B4A-11D0-8D11-00A0C91BC942}") = "Core", "Source\Engine\Core\Core.vcxproj", "{36D8BA8F-93C8-4DBF-912D-31AD70E95D8F}"
EndProject
Project("{8BC9CEB8-8B4A-11D0-8D11-00A0C91BC942}") = "Renderer", "Source\Engine\Renderer\Renderer.vcxproj", "{90FF4C66-86C0-472E-BF69-7A6850CE0D59}"
EndProject
Global
	GlobalSection(SolutionConfigurationPlatforms) = preSolution
		Debug|x64 = Debug|x64
		Debug|x86 = Debug|x86
		Release|x64 = Release|x64
		Release|x86 = Release|x86
	EndGlobalSection
	GlobalSection(ProjectConfigurationPlatforms) = postSolution
		{A88A744E-9EFD-4AF3-A37C-01FD48A28FDA}.Debug|x64.ActiveCfg = Debug|x64
		{A88A744E-9EFD-4AF3-A37C-01FD48A28FDA}.Debug|x64.Build.0 = Debug|x64
		{A88A744E-9EFD-4AF3-A37C-01FD48A28FDA}.Debug|x86.ActiveCfg = Debug|Win32
		{A88A744E-9EFD-4AF3-A37C-01FD48A28FDA}.Debug|x86.Build.0 = Debug|Win32
		{A88A744E-9EFD-4AF3-A37C-01FD48A28FDA}.Release|x64.ActiveCfg = Release|x64
		{A88A744E-9EFD-4AF3-A37C-01FD48A28FDA}.Release|x64.Build.0 = Release|x64
		{A88A744E-9EFD-4AF3-A37C-01FD48A28FDA}.Release|x86.ActiveCfg = Release|Win32
		{A88A744E-9EFD-4AF3-A37C-01FD48A28FDA}.Release|x86.Build.0 = Release|Win32
		{36D8BA8F-93C8-4DBF-912D-31AD70E95D8F}.Debug|x64.ActiveCfg = Debug|x64
		{36D8BA8F-93C8-4DBF-912D-31AD70E95D8F}.Debug|x64.Build.0 = Debug|x64
		{36D8BA8F-93C8-4DBF-912D-31AD70E95D8F}.Debug|x86.ActiveCfg = Debug|Win32
		{36D8BA8F-93C8-4DBF-912D-31AD70E95D8F}.Debug|x86.Build.0 = Debug|Win32
		{36D8BA8F-93C8-4DBF-912D-31AD70E95D8F}.Release|x64.ActiveCfg = Release|x64
		{36D8BA8F-93C8-4DBF-912D-31AD70E95D8F}.Release|x64.Build.0 = Release|x64
		{36D8BA8F-93C8-4DBF-912D-31AD70E95D8F}.Release|x86.ActiveCfg = Release|Win32
		{36D8BA8F-93C8-4DBF-912D-31AD70E95D8F}.Release|x86.Build.0 = Release|Win32
		{90FF4C66-86C0-472E-BF69-7A6850CE0D59}.Debug|x64.ActiveCfg = Debug|x64
		{90FF4C66-86C0-472E-BF69-7A6850CE0D59}.Debug|x64.Build.0 = Debug|x64
		{90FF4C66-86C0-472E-BF69-7A6850CE0D59}.Debug|x86.ActiveCfg = Debug|Win32
		{90FF4C66-86C0-472E-BF69-7A6850CE0D59}.Debug|x86.Build.0 = Debug|Win32
		{90FF4C66-86C0-472E-BF69-7A6850CE0D59}.Release|x64.ActiveCfg = Release|x64
		{90FF4C66-86C0-472E-BF69-7A6850CE0D59}.Release|x64.Build.0 = Release|x64
		{90FF4C66-86C0-472E-BF69-7A6850CE0D59}.Release|x86.ActiveCfg = Release|Win32
		{90FF4C66-86C0-472E-BF69-7A6850CE0D59}.Release|x86.Build.0 = Release|Win32
	EndGlobalSection
	GlobalSection(SolutionProperties) = preSolution
		HideSolutionNode = FALSE
	EndGlobalSection
	GlobalSection(NestedProjects) = preSolution
		{A88A744E-9EFD-4AF3-A37C-01FD48A28FDA} = {1F574BBA-A66E-4FC1-8FAC-E31F5DCBE401}
		{36D8BA8F-93C8-4DBF-912D-31AD70E95D8F} = {E68DF1FF-9277-4EB8-A20C-162C68CC35E8}
		{90FF4C66-86C0-472E-BF69-7A6850CE0D59} = {E68DF1FF-9277-4EB8-A20C-162C68CC35E8}
	EndGlobalSection
	GlobalSection(ExtensibilityGlobals) = postSolution
		SolutionGuid = {65150DF9-DF31-4A95-BD26-185A073AD69D}
	EndGlobalSection
EndGlobal
